
Microsoft Visual Studio Solution File, Format Version 12.00
# Visual Studio Version 16
VisualStudioVersion = 16.0.29613.14
MinimumVisualStudioVersion = 10.0.40219.1
Project("{FAE04EC0-301F-11D3-BF4B-00C04F79EFBC}") = "Sol_Demo", "Sol_Demo\Sol_Demo.csproj", "{81B32AF1-583A-423A-B1F4-E8286C7E4BFF}"
EndProject
Global
	GlobalSection(SolutionConfigurationPlatforms) = preSolution
		Debug|Any CPU = Debug|Any CPU
		Release|Any CPU = Release|Any CPU
	EndGlobalSection
	GlobalSection(ProjectConfigurationPlatforms) = postSolution
		{81B32AF1-583A-423A-B1F4-E8286C7E4BFF}.Debug|Any CPU.ActiveCfg = Debug|Any CPU
		{81B32AF1-583A-423A-B1F4-E8286C7E4BFF}.Debug|Any CPU.Build.0 = Debug|Any CPU
		{81B32AF1-583A-423A-B1F4-E8286C7E4BFF}.Release|Any CPU.ActiveCfg = Release|Any CPU
		{81B32AF1-583A-423A-B1F4-E8286C7E4BFF}.Release|Any CPU.Build.0 = Release|Any CPU
	EndGlobalSection
	GlobalSection(SolutionProperties) = preSolution
		HideSolutionNode = FALSE
	EndGlobalSection
	GlobalSection(ExtensibilityGlobals) = postSolution
		SolutionGuid = {3E2B8BB3-0ADB-40D8-B4B0-095A5128276B}
	EndGlobalSection
EndGlobal
